
Microsoft Visual Studio Solution File, Format Version 12.00
Project("{FAE04EC0-301F-11D3-BF4B-00C04F79EFBC}") = "ProjectName", "ProjectName\ProjectName.csproj", "{53A1224E-5AD8-40BE-8A61-C5AB04027CF2}"
EndProject
Project("{FAE04EC0-301F-11D3-BF4B-00C04F79EFBC}") = "ProjectName.Abstractions", "ProjectName.Abstractions\ProjectName.Abstractions.csproj", "{B0F89754-AE0C-459D-85D8-9A38E1CD763F}"
EndProject
Project("{FAE04EC0-301F-11D3-BF4B-00C04F79EFBC}") = "ProjectName.Tests", "ProjectName.Tests\ProjectName.Tests.csproj", "{0EF1FFD5-A83D-440B-AD9F-8538FA4E923F}"
EndProject
Project("{2150E333-8FDC-42A3-9474-1A3956D46DE8}") = ".props", ".props", "{3A73E109-AD4F-47C0-A186-F72B5967AAB6}"
	ProjectSection(SolutionItems) = preProject
		.gitignore = .gitignore
		directory.build.props = directory.build.props
		directory.packages.props = directory.packages.props
	EndProjectSection
EndProject
Global
	GlobalSection(SolutionConfigurationPlatforms) = preSolution
		Debug|Any CPU = Debug|Any CPU
		Release|Any CPU = Release|Any CPU
	EndGlobalSection
	GlobalSection(ProjectConfigurationPlatforms) = postSolution
		{53A1224E-5AD8-40BE-8A61-C5AB04027CF2}.Debug|Any CPU.ActiveCfg = Debug|Any CPU
		{53A1224E-5AD8-40BE-8A61-C5AB04027CF2}.Debug|Any CPU.Build.0 = Debug|Any CPU
		{53A1224E-5AD8-40BE-8A61-C5AB04027CF2}.Release|Any CPU.ActiveCfg = Release|Any CPU
		{53A1224E-5AD8-40BE-8A61-C5AB04027CF2}.Release|Any CPU.Build.0 = Release|Any CPU
		{B0F89754-AE0C-459D-85D8-9A38E1CD763F}.Debug|Any CPU.ActiveCfg = Debug|Any CPU
		{B0F89754-AE0C-459D-85D8-9A38E1CD763F}.Debug|Any CPU.Build.0 = Debug|Any CPU
		{B0F89754-AE0C-459D-85D8-9A38E1CD763F}.Release|Any CPU.ActiveCfg = Release|Any CPU
		{B0F89754-AE0C-459D-85D8-9A38E1CD763F}.Release|Any CPU.Build.0 = Release|Any CPU
		{0EF1FFD5-A83D-440B-AD9F-8538FA4E923F}.Debug|Any CPU.ActiveCfg = Debug|Any CPU
		{0EF1FFD5-A83D-440B-AD9F-8538FA4E923F}.Debug|Any CPU.Build.0 = Debug|Any CPU
		{0EF1FFD5-A83D-440B-AD9F-8538FA4E923F}.Release|Any CPU.ActiveCfg = Release|Any CPU
		{0EF1FFD5-A83D-440B-AD9F-8538FA4E923F}.Release|Any CPU.Build.0 = Release|Any CPU
	EndGlobalSection
EndGlobal
